
Microsoft Visual Studio Solution File, Format Version 12.00
# Visual Studio 15
VisualStudioVersion = 15.0.27428.2015
MinimumVisualStudioVersion = 10.0.40219.1
Project("{FAE04EC0-301F-11D3-BF4B-00C04F79EFBC}") = "Projekt_nbp_CodeFirst", "Projekt_nbp_CodeFirst\Projekt_nbp_CodeFirst.csproj", "{D944141E-5C86-4A30-838A-51D2AF0DAB18}"
EndProject
Global
	GlobalSection(SolutionConfigurationPlatforms) = preSolution
		Debug|Any CPU = Debug|Any CPU
		Release|Any CPU = Release|Any CPU
	EndGlobalSection
	GlobalSection(ProjectConfigurationPlatforms) = postSolution
		{D944141E-5C86-4A30-838A-51D2AF0DAB18}.Debug|Any CPU.ActiveCfg = Debug|Any CPU
		{D944141E-5C86-4A30-838A-51D2AF0DAB18}.Debug|Any CPU.Build.0 = Debug|Any CPU
		{D944141E-5C86-4A30-838A-51D2AF0DAB18}.Release|Any CPU.ActiveCfg = Release|Any CPU
		{D944141E-5C86-4A30-838A-51D2AF0DAB18}.Release|Any CPU.Build.0 = Release|Any CPU
	EndGlobalSection
	GlobalSection(SolutionProperties) = preSolution
		HideSolutionNode = FALSE
	EndGlobalSection
	GlobalSection(ExtensibilityGlobals) = postSolution
		SolutionGuid = {C476A48D-4994-4611-9EF0-BCEC63E4E4ED}
	EndGlobalSection
EndGlobal
